
Microsoft Visual Studio Solution File, Format Version 12.00
# Visual Studio Version 17
VisualStudioVersion = 17.11.35327.3
MinimumVisualStudioVersion = 10.0.40219.1
Project("{FAE04EC0-301F-11D3-BF4B-00C04F79EFBC}") = "21.For", "21.For\21.For.csproj", "{A26665DA-C8B6-4A32-995C-73CE7F02773E}"
EndProject
Global
	GlobalSection(SolutionConfigurationPlatforms) = preSolution
		Debug|Any CPU = Debug|Any CPU
		Release|Any CPU = Release|Any CPU
	EndGlobalSection
	GlobalSection(ProjectConfigurationPlatforms) = postSolution
		{A26665DA-C8B6-4A32-995C-73CE7F02773E}.Debug|Any CPU.ActiveCfg = Debug|Any CPU
		{A26665DA-C8B6-4A32-995C-73CE7F02773E}.Debug|Any CPU.Build.0 = Debug|Any CPU
		{A26665DA-C8B6-4A32-995C-73CE7F02773E}.Release|Any CPU.ActiveCfg = Release|Any CPU
		{A26665DA-C8B6-4A32-995C-73CE7F02773E}.Release|Any CPU.Build.0 = Release|Any CPU
	EndGlobalSection
	GlobalSection(SolutionProperties) = preSolution
		HideSolutionNode = FALSE
	EndGlobalSection
	GlobalSection(ExtensibilityGlobals) = postSolution
		SolutionGuid = {EBADAB82-7415-4A2F-8041-9E3B5F3205F3}
	EndGlobalSection
EndGlobal
