
Microsoft Visual Studio Solution File, Format Version 12.00
# Visual Studio Version 17
VisualStudioVersion = 17.13.35818.85 d17.13
MinimumVisualStudioVersion = 10.0.40219.1
Project("{FAE04EC0-301F-11D3-BF4B-00C04F79EFBC}") = "3. Condicionales", "3. Condicionales\3. Condicionales.csproj", "{27CC57C4-3924-4612-951A-8689BCF8794D}"
EndProject
Global
	GlobalSection(SolutionConfigurationPlatforms) = preSolution
		Debug|Any CPU = Debug|Any CPU
		Release|Any CPU = Release|Any CPU
	EndGlobalSection
	GlobalSection(ProjectConfigurationPlatforms) = postSolution
		{27CC57C4-3924-4612-951A-8689BCF8794D}.Debug|Any CPU.ActiveCfg = Debug|Any CPU
		{27CC57C4-3924-4612-951A-8689BCF8794D}.Debug|Any CPU.Build.0 = Debug|Any CPU
		{27CC57C4-3924-4612-951A-8689BCF8794D}.Release|Any CPU.ActiveCfg = Release|Any CPU
		{27CC57C4-3924-4612-951A-8689BCF8794D}.Release|Any CPU.Build.0 = Release|Any CPU
	EndGlobalSection
	GlobalSection(SolutionProperties) = preSolution
		HideSolutionNode = FALSE
	EndGlobalSection
	GlobalSection(ExtensibilityGlobals) = postSolution
		SolutionGuid = {4E404763-CE60-4D4D-90CD-0103405A4F73}
	EndGlobalSection
EndGlobal
