
Microsoft Visual Studio Solution File, Format Version 12.00
# Visual Studio Version 17
VisualStudioVersion = 17.14.36408.4 d17.14
MinimumVisualStudioVersion = 10.0.40219.1
Project("{FAE04EC0-301F-11D3-BF4B-00C04F79EFBC}") = "25.Vectores", "25.Vectores\25.Vectores.csproj", "{A483A4C3-EB26-4F72-8B0F-FD45CCD381B2}"
EndProject
Global
	GlobalSection(SolutionConfigurationPlatforms) = preSolution
		Debug|Any CPU = Debug|Any CPU
		Release|Any CPU = Release|Any CPU
	EndGlobalSection
	GlobalSection(ProjectConfigurationPlatforms) = postSolution
		{A483A4C3-EB26-4F72-8B0F-FD45CCD381B2}.Debug|Any CPU.ActiveCfg = Debug|Any CPU
		{A483A4C3-EB26-4F72-8B0F-FD45CCD381B2}.Debug|Any CPU.Build.0 = Debug|Any CPU
		{A483A4C3-EB26-4F72-8B0F-FD45CCD381B2}.Release|Any CPU.ActiveCfg = Release|Any CPU
		{A483A4C3-EB26-4F72-8B0F-FD45CCD381B2}.Release|Any CPU.Build.0 = Release|Any CPU
	EndGlobalSection
	GlobalSection(SolutionProperties) = preSolution
		HideSolutionNode = FALSE
	EndGlobalSection
	GlobalSection(ExtensibilityGlobals) = postSolution
		SolutionGuid = {960B708C-F26C-4F54-88B4-8C4CA7A61B71}
	EndGlobalSection
EndGlobal
