
Microsoft Visual Studio Solution File, Format Version 12.00
# Visual Studio Version 17
VisualStudioVersion = 17.11.35327.3
MinimumVisualStudioVersion = 10.0.40219.1
Project("{FAE04EC0-301F-11D3-BF4B-00C04F79EFBC}") = "6.CondicionalMultipleTerciario", "6.CondicionalMultipleTerciario\6.CondicionalMultipleTerciario.csproj", "{0E7792CD-E498-4438-B26E-4D56602E5068}"
EndProject
Global
	GlobalSection(SolutionConfigurationPlatforms) = preSolution
		Debug|Any CPU = Debug|Any CPU
		Release|Any CPU = Release|Any CPU
	EndGlobalSection
	GlobalSection(ProjectConfigurationPlatforms) = postSolution
		{0E7792CD-E498-4438-B26E-4D56602E5068}.Debug|Any CPU.ActiveCfg = Debug|Any CPU
		{0E7792CD-E498-4438-B26E-4D56602E5068}.Debug|Any CPU.Build.0 = Debug|Any CPU
		{0E7792CD-E498-4438-B26E-4D56602E5068}.Release|Any CPU.ActiveCfg = Release|Any CPU
		{0E7792CD-E498-4438-B26E-4D56602E5068}.Release|Any CPU.Build.0 = Release|Any CPU
	EndGlobalSection
	GlobalSection(SolutionProperties) = preSolution
		HideSolutionNode = FALSE
	EndGlobalSection
	GlobalSection(ExtensibilityGlobals) = postSolution
		SolutionGuid = {6C624B81-FF8A-44AA-A9C9-4F190C066D7D}
	EndGlobalSection
EndGlobal
