
Microsoft Visual Studio Solution File, Format Version 12.00
# Visual Studio Version 17
VisualStudioVersion = 17.11.35327.3
MinimumVisualStudioVersion = 10.0.40219.1
Project("{FAE04EC0-301F-11D3-BF4B-00C04F79EFBC}") = "32.Modular2", "32.Modular2\32.Modular2.csproj", "{23698036-9B49-4CCA-9CDB-EDF55AC4CF97}"
EndProject
Global
	GlobalSection(SolutionConfigurationPlatforms) = preSolution
		Debug|Any CPU = Debug|Any CPU
		Release|Any CPU = Release|Any CPU
	EndGlobalSection
	GlobalSection(ProjectConfigurationPlatforms) = postSolution
		{23698036-9B49-4CCA-9CDB-EDF55AC4CF97}.Debug|Any CPU.ActiveCfg = Debug|Any CPU
		{23698036-9B49-4CCA-9CDB-EDF55AC4CF97}.Debug|Any CPU.Build.0 = Debug|Any CPU
		{23698036-9B49-4CCA-9CDB-EDF55AC4CF97}.Release|Any CPU.ActiveCfg = Release|Any CPU
		{23698036-9B49-4CCA-9CDB-EDF55AC4CF97}.Release|Any CPU.Build.0 = Release|Any CPU
	EndGlobalSection
	GlobalSection(SolutionProperties) = preSolution
		HideSolutionNode = FALSE
	EndGlobalSection
	GlobalSection(ExtensibilityGlobals) = postSolution
		SolutionGuid = {274E7D9C-E471-4F50-BF34-563B2BC0DA3A}
	EndGlobalSection
EndGlobal
