
Microsoft Visual Studio Solution File, Format Version 12.00
# Visual Studio Version 17
VisualStudioVersion = 17.14.36408.4 d17.14
MinimumVisualStudioVersion = 10.0.40219.1
Project("{FAE04EC0-301F-11D3-BF4B-00C04F79EFBC}") = "18.DoWhile", "18.DoWhile\18.DoWhile.csproj", "{C6FF793D-9F96-48C1-8938-C1CE6C330BE7}"
EndProject
Global
	GlobalSection(SolutionConfigurationPlatforms) = preSolution
		Debug|Any CPU = Debug|Any CPU
		Release|Any CPU = Release|Any CPU
	EndGlobalSection
	GlobalSection(ProjectConfigurationPlatforms) = postSolution
		{C6FF793D-9F96-48C1-8938-C1CE6C330BE7}.Debug|Any CPU.ActiveCfg = Debug|Any CPU
		{C6FF793D-9F96-48C1-8938-C1CE6C330BE7}.Debug|Any CPU.Build.0 = Debug|Any CPU
		{C6FF793D-9F96-48C1-8938-C1CE6C330BE7}.Release|Any CPU.ActiveCfg = Release|Any CPU
		{C6FF793D-9F96-48C1-8938-C1CE6C330BE7}.Release|Any CPU.Build.0 = Release|Any CPU
	EndGlobalSection
	GlobalSection(SolutionProperties) = preSolution
		HideSolutionNode = FALSE
	EndGlobalSection
	GlobalSection(ExtensibilityGlobals) = postSolution
		SolutionGuid = {9F5984FA-B81E-4F32-8F6C-0E2834A4D17C}
	EndGlobalSection
EndGlobal
