
Microsoft Visual Studio Solution File, Format Version 12.00
# Visual Studio Version 17
VisualStudioVersion = 17.11.35327.3
MinimumVisualStudioVersion = 10.0.40219.1
Project("{FAE04EC0-301F-11D3-BF4B-00C04F79EFBC}") = "20.DoWhile", "20.DoWhile\20.DoWhile.csproj", "{FED46055-BA9D-4D64-A818-37F3DF23C07C}"
EndProject
Global
	GlobalSection(SolutionConfigurationPlatforms) = preSolution
		Debug|Any CPU = Debug|Any CPU
		Release|Any CPU = Release|Any CPU
	EndGlobalSection
	GlobalSection(ProjectConfigurationPlatforms) = postSolution
		{FED46055-BA9D-4D64-A818-37F3DF23C07C}.Debug|Any CPU.ActiveCfg = Debug|Any CPU
		{FED46055-BA9D-4D64-A818-37F3DF23C07C}.Debug|Any CPU.Build.0 = Debug|Any CPU
		{FED46055-BA9D-4D64-A818-37F3DF23C07C}.Release|Any CPU.ActiveCfg = Release|Any CPU
		{FED46055-BA9D-4D64-A818-37F3DF23C07C}.Release|Any CPU.Build.0 = Release|Any CPU
	EndGlobalSection
	GlobalSection(SolutionProperties) = preSolution
		HideSolutionNode = FALSE
	EndGlobalSection
	GlobalSection(ExtensibilityGlobals) = postSolution
		SolutionGuid = {52CEDFEF-FBA7-4960-B7F7-69129FAC6ABB}
	EndGlobalSection
EndGlobal
