
Microsoft Visual Studio Solution File, Format Version 12.00
# Visual Studio Version 17
VisualStudioVersion = 17.11.35327.3
MinimumVisualStudioVersion = 10.0.40219.1
Project("{FAE04EC0-301F-11D3-BF4B-00C04F79EFBC}") = "ParcialCondicionalesMariaFernandaVanegas", "ParcialCondicionalesMariaFernandaVanegas\ParcialCondicionalesMariaFernandaVanegas.csproj", "{C512FFA9-EFAC-4A17-A56C-6EA0983EB82E}"
EndProject
Global
	GlobalSection(SolutionConfigurationPlatforms) = preSolution
		Debug|Any CPU = Debug|Any CPU
		Release|Any CPU = Release|Any CPU
	EndGlobalSection
	GlobalSection(ProjectConfigurationPlatforms) = postSolution
		{C512FFA9-EFAC-4A17-A56C-6EA0983EB82E}.Debug|Any CPU.ActiveCfg = Debug|Any CPU
		{C512FFA9-EFAC-4A17-A56C-6EA0983EB82E}.Debug|Any CPU.Build.0 = Debug|Any CPU
		{C512FFA9-EFAC-4A17-A56C-6EA0983EB82E}.Release|Any CPU.ActiveCfg = Release|Any CPU
		{C512FFA9-EFAC-4A17-A56C-6EA0983EB82E}.Release|Any CPU.Build.0 = Release|Any CPU
	EndGlobalSection
	GlobalSection(SolutionProperties) = preSolution
		HideSolutionNode = FALSE
	EndGlobalSection
	GlobalSection(ExtensibilityGlobals) = postSolution
		SolutionGuid = {EDF0E9FA-CB99-4292-845C-59D69C90C5AA}
	EndGlobalSection
EndGlobal
