
Microsoft Visual Studio Solution File, Format Version 12.00
# Visual Studio Version 17
VisualStudioVersion = 17.11.35327.3
MinimumVisualStudioVersion = 10.0.40219.1
Project("{FAE04EC0-301F-11D3-BF4B-00C04F79EFBC}") = "29.TallerMatrices", "29.TallerMatrices\29.TallerMatrices.csproj", "{C90D1BBB-3FBC-48A8-AF31-1D4BF56A2C0B}"
EndProject
Global
	GlobalSection(SolutionConfigurationPlatforms) = preSolution
		Debug|Any CPU = Debug|Any CPU
		Release|Any CPU = Release|Any CPU
	EndGlobalSection
	GlobalSection(ProjectConfigurationPlatforms) = postSolution
		{C90D1BBB-3FBC-48A8-AF31-1D4BF56A2C0B}.Debug|Any CPU.ActiveCfg = Debug|Any CPU
		{C90D1BBB-3FBC-48A8-AF31-1D4BF56A2C0B}.Debug|Any CPU.Build.0 = Debug|Any CPU
		{C90D1BBB-3FBC-48A8-AF31-1D4BF56A2C0B}.Release|Any CPU.ActiveCfg = Release|Any CPU
		{C90D1BBB-3FBC-48A8-AF31-1D4BF56A2C0B}.Release|Any CPU.Build.0 = Release|Any CPU
	EndGlobalSection
	GlobalSection(SolutionProperties) = preSolution
		HideSolutionNode = FALSE
	EndGlobalSection
	GlobalSection(ExtensibilityGlobals) = postSolution
		SolutionGuid = {F1DD84DB-2B5E-42D1-A72C-E760E2CAC7BD}
	EndGlobalSection
EndGlobal
