
Microsoft Visual Studio Solution File, Format Version 12.00
# Visual Studio Version 17
VisualStudioVersion = 17.11.35327.3
MinimumVisualStudioVersion = 10.0.40219.1
Project("{FAE04EC0-301F-11D3-BF4B-00C04F79EFBC}") = "15.While7.Program", "15.While7.Program\15.While7.Program.csproj", "{B811AA68-08EC-4998-8609-D82D1103BE2E}"
EndProject
Global
	GlobalSection(SolutionConfigurationPlatforms) = preSolution
		Debug|Any CPU = Debug|Any CPU
		Release|Any CPU = Release|Any CPU
	EndGlobalSection
	GlobalSection(ProjectConfigurationPlatforms) = postSolution
		{B811AA68-08EC-4998-8609-D82D1103BE2E}.Debug|Any CPU.ActiveCfg = Debug|Any CPU
		{B811AA68-08EC-4998-8609-D82D1103BE2E}.Debug|Any CPU.Build.0 = Debug|Any CPU
		{B811AA68-08EC-4998-8609-D82D1103BE2E}.Release|Any CPU.ActiveCfg = Release|Any CPU
		{B811AA68-08EC-4998-8609-D82D1103BE2E}.Release|Any CPU.Build.0 = Release|Any CPU
	EndGlobalSection
	GlobalSection(SolutionProperties) = preSolution
		HideSolutionNode = FALSE
	EndGlobalSection
	GlobalSection(ExtensibilityGlobals) = postSolution
		SolutionGuid = {5612860E-D488-49A2-952A-11070F3C2FC7}
	EndGlobalSection
EndGlobal
